
Microsoft Visual Studio Solution File, Format Version 12.00
# Visual Studio Version 16
VisualStudioVersion = 16.0.29613.14
MinimumVisualStudioVersion = 10.0.40219.1
Project("{FAE04EC0-301F-11D3-BF4B-00C04F79EFBC}") = "qrcode3", "qrcode3\qrcode3.csproj", "{B8FD9F73-C2B2-437C-B1B9-FBC170EBECF0}"
EndProject
Global
	GlobalSection(SolutionConfigurationPlatforms) = preSolution
		Debug|Any CPU = Debug|Any CPU
		Release|Any CPU = Release|Any CPU
	EndGlobalSection
	GlobalSection(ProjectConfigurationPlatforms) = postSolution
		{B8FD9F73-C2B2-437C-B1B9-FBC170EBECF0}.Debug|Any CPU.ActiveCfg = Debug|Any CPU
		{B8FD9F73-C2B2-437C-B1B9-FBC170EBECF0}.Debug|Any CPU.Build.0 = Debug|Any CPU
		{B8FD9F73-C2B2-437C-B1B9-FBC170EBECF0}.Release|Any CPU.ActiveCfg = Release|Any CPU
		{B8FD9F73-C2B2-437C-B1B9-FBC170EBECF0}.Release|Any CPU.Build.0 = Release|Any CPU
	EndGlobalSection
	GlobalSection(SolutionProperties) = preSolution
		HideSolutionNode = FALSE
	EndGlobalSection
	GlobalSection(ExtensibilityGlobals) = postSolution
		SolutionGuid = {12F2BA75-D6CB-4093-81E3-13FA90AEE1C2}
	EndGlobalSection
EndGlobal
